
Microsoft Visual Studio Solution File, Format Version 12.00
# Visual Studio 15
VisualStudioVersion = 15.0.26730.16
MinimumVisualStudioVersion = 10.0.40219.1
Project("{FAE04EC0-301F-11D3-BF4B-00C04F79EFBC}") = "Module01_CS", "Module01_CS\Module01_CS.csproj", "{ED61EF61-2518-4358-9274-AF90546F16DC}"
EndProject
Project("{2150E333-8FDC-42A3-9474-1A3956D46DE8}") = "PlayGround", "PlayGround", "{614BAE00-84EB-47BC-8C41-71B6E2131A8C}"
EndProject
Project("{2150E333-8FDC-42A3-9474-1A3956D46DE8}") = "Assignments", "Assignments", "{5E1B2542-C3EE-4515-8C83-C8E805B50E0F}"
EndProject
Project("{FAE04EC0-301F-11D3-BF4B-00C04F79EFBC}") = "Module02_HelloWorld", "Module02_HelloWorld\Module02_HelloWorld.csproj", "{3B404ABE-B1C1-4EB1-A581-63703EEFA401}"
EndProject
Project("{FAE04EC0-301F-11D3-BF4B-00C04F79EFBC}") = "Module03_ValueTypes", "Module03_ValueTypes\Module03_ValueTypes.csproj", "{52314A04-A84B-4053-A6DE-837C39AAA4A2}"
EndProject
Project("{FAE04EC0-301F-11D3-BF4B-00C04F79EFBC}") = "Module04_ReferenceTypes", "Module04_ReferenceTypes\Module04_ReferenceTypes.csproj", "{224C681D-ACDD-48F7-9929-4B111EF0D1B9}"
EndProject
Project("{FAE04EC0-301F-11D3-BF4B-00C04F79EFBC}") = "Module05_Methods", "Module05_Methods\Module05_Methods.csproj", "{779B2028-C640-4905-A36D-A83A043ACA82}"
EndProject
Project("{FAE04EC0-301F-11D3-BF4B-00C04F79EFBC}") = "Module07_Properties", "Module07_OOP\Module07_Properties.csproj", "{6C6BB1DA-951A-441B-82A8-0459FBCFA693}"
EndProject
Project("{FAE04EC0-301F-11D3-BF4B-00C04F79EFBC}") = "Module08_Inheritance", "Module08_Inheritance\Module08_Inheritance.csproj", "{C6A5C699-6257-4CDE-9C12-70502FDC05E5}"
EndProject
Project("{FAE04EC0-301F-11D3-BF4B-00C04F79EFBC}") = "Module09_ExceptionHandling", "Module09_ExceptionHandling\Module09_ExceptionHandling.csproj", "{BD24CAA3-9A99-4922-B73F-2A1F55486AFF}"
EndProject
Project("{FAE04EC0-301F-11D3-BF4B-00C04F79EFBC}") = "Module10_Interfaces", "Module10_Interfaces\Module10_Interfaces.csproj", "{D483641F-1FC6-47B3-A957-AC7771E1114D}"
EndProject
Project("{FAE04EC0-301F-11D3-BF4B-00C04F79EFBC}") = "Module11_Collections", "Module11_Collections\Module11_Collections.csproj", "{5A6D04FF-61B6-4466-AC97-072ED4CEBA4C}"
EndProject
Project("{FAE04EC0-301F-11D3-BF4B-00C04F79EFBC}") = "Module12_Delegates", "Module12_Delegates\Module12_Delegates.csproj", "{5A1F3DDC-9D77-418A-83F2-DC422391FEB4}"
EndProject
Project("{FAE04EC0-301F-11D3-BF4B-00C04F79EFBC}") = "Module13_Avanced", "Module13_Avanced\Module13_Avanced.csproj", "{1E76C25D-E3DE-46A6-85F2-AD0D99FDD13C}"
EndProject
Project("{FAE04EC0-301F-11D3-BF4B-00C04F79EFBC}") = "Module14_LINQ", "Module14_LINQ\Module14_LINQ.csproj", "{26A8998B-29FB-4676-A5E2-42C60E15D61E}"
EndProject
Project("{FAE04EC0-301F-11D3-BF4B-00C04F79EFBC}") = "HelloWorld", "HelloWorld\HelloWorld.csproj", "{A07FA86F-9537-4ECB-A888-CDB0AB94DF73}"
EndProject
Project("{FAE04EC0-301F-11D3-BF4B-00C04F79EFBC}") = "Variabler", "Variabler\Variabler.csproj", "{61B87296-4E42-475A-B832-1E96628F51CE}"
EndProject
Project("{FAE04EC0-301F-11D3-BF4B-00C04F79EFBC}") = "Arrays", "Arrays\Arrays.csproj", "{367BC8AC-E7A0-4C06-B854-A44A8DC42A22}"
EndProject
Project("{FAE04EC0-301F-11D3-BF4B-00C04F79EFBC}") = "Strenge", "Strenge\Strenge.csproj", "{3EF38A24-1A6B-42C5-ABE9-DD51787EF4DE}"
EndProject
Project("{FAE04EC0-301F-11D3-BF4B-00C04F79EFBC}") = "10tabel", "10tabel\10tabel.csproj", "{CB165890-E2CD-4666-9B45-7546D66D074F}"
EndProject
Project("{FAE04EC0-301F-11D3-BF4B-00C04F79EFBC}") = "Dag3_start", "Dag3_start\Dag3_start.csproj", "{A3D5874C-1636-4FA8-9390-1CDA5FBBF2E6}"
EndProject
Project("{FAE04EC0-301F-11D3-BF4B-00C04F79EFBC}") = "Module06_OOP", "Module06_OOP\Module06_OOP.csproj", "{3E01A977-D749-4ABA-B529-2C77A76DAB2F}"
EndProject
Project("{FAE04EC0-301F-11D3-BF4B-00C04F79EFBC}") = "Terning", "Terning\Terning.csproj", "{E384D85C-CA05-4B8C-8B51-CF95D9AFC9AC}"
EndProject
Project("{FAE04EC0-301F-11D3-BF4B-00C04F79EFBC}") = "Simpel_Klasse", "Simpel_Klasse\Simpel_Klasse.csproj", "{6272F78E-1A30-4874-9FE1-FD967C1151F7}"
EndProject
Project("{FAE04EC0-301F-11D3-BF4B-00C04F79EFBC}") = "Egenskaber", "Egenskaber\Egenskaber.csproj", "{3D886E3B-FA39-4007-A253-8C8B57C39AE6}"
EndProject
Project("{FAE04EC0-301F-11D3-BF4B-00C04F79EFBC}") = "Terning2", "Terning2\Terning2.csproj", "{9FD810F3-6111-4B7C-8B77-50F1AD211AAE}"
EndProject
Project("{FAE04EC0-301F-11D3-BF4B-00C04F79EFBC}") = "Terning3", "Terning3\Terning3.csproj", "{29FA3C8B-9EB8-448C-A4BE-986D30FD1D41}"
EndProject
Project("{FAE04EC0-301F-11D3-BF4B-00C04F79EFBC}") = "ArealBeregning", "ArealBeregning\ArealBeregning.csproj", "{EA370778-11E5-4A5B-A1BD-805B942C7466}"
EndProject
Project("{FAE04EC0-301F-11D3-BF4B-00C04F79EFBC}") = "TerningNedarvning", "TerningNedarvning\TerningNedarvning.csproj", "{A62D9F38-3D25-46FF-A201-ADCE89003B2C}"
EndProject
Project("{FAE04EC0-301F-11D3-BF4B-00C04F79EFBC}") = "ArvRandom", "ArvRandom\ArvRandom.csproj", "{7318A07B-27D1-4B76-B331-1E30F9BFD4F2}"
EndProject
Project("{FAE04EC0-301F-11D3-BF4B-00C04F79EFBC}") = "Arv", "Arv\Arv.csproj", "{84F7B7CA-E7F5-49CF-B126-1AE892C8297B}"
EndProject
Project("{FAE04EC0-301F-11D3-BF4B-00C04F79EFBC}") = "Polymorfi.Dyr", "Polymorfi.Dyr\Polymorfi.Dyr.csproj", "{FB0E8398-7D7A-4F2C-8493-9527D2580F95}"
EndProject
Project("{FAE04EC0-301F-11D3-BF4B-00C04F79EFBC}") = "SimpelFejlhåndtering", "SimpelFejlhåndtering\SimpelFejlhåndtering.csproj", "{6E83BC05-6F01-41A4-A899-08E05D739004}"
EndProject
Project("{FAE04EC0-301F-11D3-BF4B-00C04F79EFBC}") = "Kursus.TerningApplikation.TerningKerne", "Kursus.TerningApplikation.TerningKerne\Kursus.TerningApplikation.TerningKerne.csproj", "{AEE24A43-A875-4EBC-8E07-5D5E413D04D0}"
EndProject
Project("{FAE04EC0-301F-11D3-BF4B-00C04F79EFBC}") = "Kursus.TerningApplikation.Test.Kerne", "Kursus.TerningApplikation.Test.Kerne\Kursus.TerningApplikation.Test.Kerne.csproj", "{12006B59-E31C-4A80-8D63-7D345264BB44}"
EndProject
Project("{FAE04EC0-301F-11D3-BF4B-00C04F79EFBC}") = "Kursus.TerningApplikation.UI.Console", "Kursus.TerningApplikation.UI.Console\Kursus.TerningApplikation.UI.Console.csproj", "{C12A5D32-4628-41F8-BAE6-3C4696D3AC19}"
EndProject
Project("{2150E333-8FDC-42A3-9474-1A3956D46DE8}") = "TerningApplikation", "TerningApplikation", "{064E17AF-269F-40AB-AE75-A5081B45DD95}"
EndProject
Project("{FAE04EC0-301F-11D3-BF4B-00C04F79EFBC}") = "LogDemo", "LogDemo\LogDemo.csproj", "{E6C88B75-42AD-4157-B837-31C83F707BED}"
EndProject
Project("{FAE04EC0-301F-11D3-BF4B-00C04F79EFBC}") = "BrugAfEgetInterface", "BrugAfEgetInterface\BrugAfEgetInterface.csproj", "{F498F65F-FA27-4882-81B1-2AD137F362DB}"
EndProject
Project("{FAE04EC0-301F-11D3-BF4B-00C04F79EFBC}") = "Compare", "Compare\Compare.csproj", "{9A4A6252-0AC9-4846-B3F5-1348F4E9D699}"
EndProject
Project("{FAE04EC0-301F-11D3-BF4B-00C04F79EFBC}") = "BrugAfUsing", "BrugAfUsing\BrugAfUsing.csproj", "{2AB554E0-C148-49D1-BB1F-905639AD629B}"
EndProject
Project("{FAE04EC0-301F-11D3-BF4B-00C04F79EFBC}") = "Collection", "Collection\Collection.csproj", "{7BACF263-A645-4F5F-866A-E6DF83C7A200}"
EndProject
Project("{FAE04EC0-301F-11D3-BF4B-00C04F79EFBC}") = "Collection2", "Collection2\Collection2.csproj", "{C5761FF6-778A-4DCD-97EB-608CC95C51A8}"
EndProject
Project("{FAE04EC0-301F-11D3-BF4B-00C04F79EFBC}") = "GeneriskMetode", "GeneriskMetode\GeneriskMetode.csproj", "{8AC57A54-3118-404B-AEC9-7350EE19C8F2}"
EndProject
Project("{FAE04EC0-301F-11D3-BF4B-00C04F79EFBC}") = "Delegate", "Delegate\Delegate.csproj", "{F8BF3EC1-222F-48F7-ADE3-114F66B9F639}"
EndProject
Project("{FAE04EC0-301F-11D3-BF4B-00C04F79EFBC}") = "Delegates", "Delegates\Delegates.csproj", "{246AB984-0BED-4B85-8309-6106CB4528E4}"
EndProject
Project("{FAE04EC0-301F-11D3-BF4B-00C04F79EFBC}") = "FileWatcher", "FileWatcher\FileWatcher.csproj", "{5CF724E3-AABE-462D-BA14-DA0E01946EBF}"
EndProject
Project("{FAE04EC0-301F-11D3-BF4B-00C04F79EFBC}") = "Events", "Events\Events.csproj", "{D83814D5-738B-4E24-BDDB-D2CE4FC9F7FC}"
EndProject
Project("{FAE04EC0-301F-11D3-BF4B-00C04F79EFBC}") = "OperatorOverload", "OperatorOverload\OperatorOverload.csproj", "{BF3DE07F-0515-4095-8AD5-63251DA8C131}"
EndProject
Project("{FAE04EC0-301F-11D3-BF4B-00C04F79EFBC}") = "ExtensionMethods", "ExtensionMethods\ExtensionMethods.csproj", "{D29EB3AF-C038-4F9E-ADA3-CDFF0D82B264}"
EndProject
Global
	GlobalSection(SolutionConfigurationPlatforms) = preSolution
		Debug|Any CPU = Debug|Any CPU
		Release|Any CPU = Release|Any CPU
	EndGlobalSection
	GlobalSection(ProjectConfigurationPlatforms) = postSolution
		{ED61EF61-2518-4358-9274-AF90546F16DC}.Debug|Any CPU.ActiveCfg = Debug|Any CPU
		{ED61EF61-2518-4358-9274-AF90546F16DC}.Debug|Any CPU.Build.0 = Debug|Any CPU
		{ED61EF61-2518-4358-9274-AF90546F16DC}.Release|Any CPU.ActiveCfg = Release|Any CPU
		{ED61EF61-2518-4358-9274-AF90546F16DC}.Release|Any CPU.Build.0 = Release|Any CPU
		{3B404ABE-B1C1-4EB1-A581-63703EEFA401}.Debug|Any CPU.ActiveCfg = Debug|Any CPU
		{3B404ABE-B1C1-4EB1-A581-63703EEFA401}.Debug|Any CPU.Build.0 = Debug|Any CPU
		{3B404ABE-B1C1-4EB1-A581-63703EEFA401}.Release|Any CPU.ActiveCfg = Release|Any CPU
		{3B404ABE-B1C1-4EB1-A581-63703EEFA401}.Release|Any CPU.Build.0 = Release|Any CPU
		{52314A04-A84B-4053-A6DE-837C39AAA4A2}.Debug|Any CPU.ActiveCfg = Debug|Any CPU
		{52314A04-A84B-4053-A6DE-837C39AAA4A2}.Debug|Any CPU.Build.0 = Debug|Any CPU
		{52314A04-A84B-4053-A6DE-837C39AAA4A2}.Release|Any CPU.ActiveCfg = Release|Any CPU
		{52314A04-A84B-4053-A6DE-837C39AAA4A2}.Release|Any CPU.Build.0 = Release|Any CPU
		{224C681D-ACDD-48F7-9929-4B111EF0D1B9}.Debug|Any CPU.ActiveCfg = Debug|Any CPU
		{224C681D-ACDD-48F7-9929-4B111EF0D1B9}.Debug|Any CPU.Build.0 = Debug|Any CPU
		{224C681D-ACDD-48F7-9929-4B111EF0D1B9}.Release|Any CPU.ActiveCfg = Release|Any CPU
		{224C681D-ACDD-48F7-9929-4B111EF0D1B9}.Release|Any CPU.Build.0 = Release|Any CPU
		{779B2028-C640-4905-A36D-A83A043ACA82}.Debug|Any CPU.ActiveCfg = Debug|Any CPU
		{779B2028-C640-4905-A36D-A83A043ACA82}.Debug|Any CPU.Build.0 = Debug|Any CPU
		{779B2028-C640-4905-A36D-A83A043ACA82}.Release|Any CPU.ActiveCfg = Release|Any CPU
		{779B2028-C640-4905-A36D-A83A043ACA82}.Release|Any CPU.Build.0 = Release|Any CPU
		{6C6BB1DA-951A-441B-82A8-0459FBCFA693}.Debug|Any CPU.ActiveCfg = Debug|Any CPU
		{6C6BB1DA-951A-441B-82A8-0459FBCFA693}.Debug|Any CPU.Build.0 = Debug|Any CPU
		{6C6BB1DA-951A-441B-82A8-0459FBCFA693}.Release|Any CPU.ActiveCfg = Release|Any CPU
		{6C6BB1DA-951A-441B-82A8-0459FBCFA693}.Release|Any CPU.Build.0 = Release|Any CPU
		{C6A5C699-6257-4CDE-9C12-70502FDC05E5}.Debug|Any CPU.ActiveCfg = Debug|Any CPU
		{C6A5C699-6257-4CDE-9C12-70502FDC05E5}.Debug|Any CPU.Build.0 = Debug|Any CPU
		{C6A5C699-6257-4CDE-9C12-70502FDC05E5}.Release|Any CPU.ActiveCfg = Release|Any CPU
		{C6A5C699-6257-4CDE-9C12-70502FDC05E5}.Release|Any CPU.Build.0 = Release|Any CPU
		{BD24CAA3-9A99-4922-B73F-2A1F55486AFF}.Debug|Any CPU.ActiveCfg = Debug|Any CPU
		{BD24CAA3-9A99-4922-B73F-2A1F55486AFF}.Debug|Any CPU.Build.0 = Debug|Any CPU
		{BD24CAA3-9A99-4922-B73F-2A1F55486AFF}.Release|Any CPU.ActiveCfg = Release|Any CPU
		{BD24CAA3-9A99-4922-B73F-2A1F55486AFF}.Release|Any CPU.Build.0 = Release|Any CPU
		{D483641F-1FC6-47B3-A957-AC7771E1114D}.Debug|Any CPU.ActiveCfg = Debug|Any CPU
		{D483641F-1FC6-47B3-A957-AC7771E1114D}.Debug|Any CPU.Build.0 = Debug|Any CPU
		{D483641F-1FC6-47B3-A957-AC7771E1114D}.Release|Any CPU.ActiveCfg = Release|Any CPU
		{D483641F-1FC6-47B3-A957-AC7771E1114D}.Release|Any CPU.Build.0 = Release|Any CPU
		{5A6D04FF-61B6-4466-AC97-072ED4CEBA4C}.Debug|Any CPU.ActiveCfg = Debug|Any CPU
		{5A6D04FF-61B6-4466-AC97-072ED4CEBA4C}.Debug|Any CPU.Build.0 = Debug|Any CPU
		{5A6D04FF-61B6-4466-AC97-072ED4CEBA4C}.Release|Any CPU.ActiveCfg = Release|Any CPU
		{5A6D04FF-61B6-4466-AC97-072ED4CEBA4C}.Release|Any CPU.Build.0 = Release|Any CPU
		{5A1F3DDC-9D77-418A-83F2-DC422391FEB4}.Debug|Any CPU.ActiveCfg = Debug|Any CPU
		{5A1F3DDC-9D77-418A-83F2-DC422391FEB4}.Debug|Any CPU.Build.0 = Debug|Any CPU
		{5A1F3DDC-9D77-418A-83F2-DC422391FEB4}.Release|Any CPU.ActiveCfg = Release|Any CPU
		{5A1F3DDC-9D77-418A-83F2-DC422391FEB4}.Release|Any CPU.Build.0 = Release|Any CPU
		{1E76C25D-E3DE-46A6-85F2-AD0D99FDD13C}.Debug|Any CPU.ActiveCfg = Debug|Any CPU
		{1E76C25D-E3DE-46A6-85F2-AD0D99FDD13C}.Debug|Any CPU.Build.0 = Debug|Any CPU
		{1E76C25D-E3DE-46A6-85F2-AD0D99FDD13C}.Release|Any CPU.ActiveCfg = Release|Any CPU
		{1E76C25D-E3DE-46A6-85F2-AD0D99FDD13C}.Release|Any CPU.Build.0 = Release|Any CPU
		{26A8998B-29FB-4676-A5E2-42C60E15D61E}.Debug|Any CPU.ActiveCfg = Debug|Any CPU
		{26A8998B-29FB-4676-A5E2-42C60E15D61E}.Debug|Any CPU.Build.0 = Debug|Any CPU
		{26A8998B-29FB-4676-A5E2-42C60E15D61E}.Release|Any CPU.ActiveCfg = Release|Any CPU
		{26A8998B-29FB-4676-A5E2-42C60E15D61E}.Release|Any CPU.Build.0 = Release|Any CPU
		{A07FA86F-9537-4ECB-A888-CDB0AB94DF73}.Debug|Any CPU.ActiveCfg = Debug|Any CPU
		{A07FA86F-9537-4ECB-A888-CDB0AB94DF73}.Debug|Any CPU.Build.0 = Debug|Any CPU
		{A07FA86F-9537-4ECB-A888-CDB0AB94DF73}.Release|Any CPU.ActiveCfg = Release|Any CPU
		{A07FA86F-9537-4ECB-A888-CDB0AB94DF73}.Release|Any CPU.Build.0 = Release|Any CPU
		{61B87296-4E42-475A-B832-1E96628F51CE}.Debug|Any CPU.ActiveCfg = Debug|Any CPU
		{61B87296-4E42-475A-B832-1E96628F51CE}.Debug|Any CPU.Build.0 = Debug|Any CPU
		{61B87296-4E42-475A-B832-1E96628F51CE}.Release|Any CPU.ActiveCfg = Release|Any CPU
		{61B87296-4E42-475A-B832-1E96628F51CE}.Release|Any CPU.Build.0 = Release|Any CPU
		{367BC8AC-E7A0-4C06-B854-A44A8DC42A22}.Debug|Any CPU.ActiveCfg = Debug|Any CPU
		{367BC8AC-E7A0-4C06-B854-A44A8DC42A22}.Debug|Any CPU.Build.0 = Debug|Any CPU
		{367BC8AC-E7A0-4C06-B854-A44A8DC42A22}.Release|Any CPU.ActiveCfg = Release|Any CPU
		{367BC8AC-E7A0-4C06-B854-A44A8DC42A22}.Release|Any CPU.Build.0 = Release|Any CPU
		{3EF38A24-1A6B-42C5-ABE9-DD51787EF4DE}.Debug|Any CPU.ActiveCfg = Debug|Any CPU
		{3EF38A24-1A6B-42C5-ABE9-DD51787EF4DE}.Debug|Any CPU.Build.0 = Debug|Any CPU
		{3EF38A24-1A6B-42C5-ABE9-DD51787EF4DE}.Release|Any CPU.ActiveCfg = Release|Any CPU
		{3EF38A24-1A6B-42C5-ABE9-DD51787EF4DE}.Release|Any CPU.Build.0 = Release|Any CPU
		{CB165890-E2CD-4666-9B45-7546D66D074F}.Debug|Any CPU.ActiveCfg = Debug|Any CPU
		{CB165890-E2CD-4666-9B45-7546D66D074F}.Debug|Any CPU.Build.0 = Debug|Any CPU
		{CB165890-E2CD-4666-9B45-7546D66D074F}.Release|Any CPU.ActiveCfg = Release|Any CPU
		{CB165890-E2CD-4666-9B45-7546D66D074F}.Release|Any CPU.Build.0 = Release|Any CPU
		{A3D5874C-1636-4FA8-9390-1CDA5FBBF2E6}.Debug|Any CPU.ActiveCfg = Debug|Any CPU
		{A3D5874C-1636-4FA8-9390-1CDA5FBBF2E6}.Debug|Any CPU.Build.0 = Debug|Any CPU
		{A3D5874C-1636-4FA8-9390-1CDA5FBBF2E6}.Release|Any CPU.ActiveCfg = Release|Any CPU
		{A3D5874C-1636-4FA8-9390-1CDA5FBBF2E6}.Release|Any CPU.Build.0 = Release|Any CPU
		{3E01A977-D749-4ABA-B529-2C77A76DAB2F}.Debug|Any CPU.ActiveCfg = Debug|Any CPU
		{3E01A977-D749-4ABA-B529-2C77A76DAB2F}.Debug|Any CPU.Build.0 = Debug|Any CPU
		{3E01A977-D749-4ABA-B529-2C77A76DAB2F}.Release|Any CPU.ActiveCfg = Release|Any CPU
		{3E01A977-D749-4ABA-B529-2C77A76DAB2F}.Release|Any CPU.Build.0 = Release|Any CPU
		{E384D85C-CA05-4B8C-8B51-CF95D9AFC9AC}.Debug|Any CPU.ActiveCfg = Debug|Any CPU
		{E384D85C-CA05-4B8C-8B51-CF95D9AFC9AC}.Debug|Any CPU.Build.0 = Debug|Any CPU
		{E384D85C-CA05-4B8C-8B51-CF95D9AFC9AC}.Release|Any CPU.ActiveCfg = Release|Any CPU
		{E384D85C-CA05-4B8C-8B51-CF95D9AFC9AC}.Release|Any CPU.Build.0 = Release|Any CPU
		{6272F78E-1A30-4874-9FE1-FD967C1151F7}.Debug|Any CPU.ActiveCfg = Debug|Any CPU
		{6272F78E-1A30-4874-9FE1-FD967C1151F7}.Debug|Any CPU.Build.0 = Debug|Any CPU
		{6272F78E-1A30-4874-9FE1-FD967C1151F7}.Release|Any CPU.ActiveCfg = Release|Any CPU
		{6272F78E-1A30-4874-9FE1-FD967C1151F7}.Release|Any CPU.Build.0 = Release|Any CPU
		{3D886E3B-FA39-4007-A253-8C8B57C39AE6}.Debug|Any CPU.ActiveCfg = Debug|Any CPU
		{3D886E3B-FA39-4007-A253-8C8B57C39AE6}.Debug|Any CPU.Build.0 = Debug|Any CPU
		{3D886E3B-FA39-4007-A253-8C8B57C39AE6}.Release|Any CPU.ActiveCfg = Release|Any CPU
		{3D886E3B-FA39-4007-A253-8C8B57C39AE6}.Release|Any CPU.Build.0 = Release|Any CPU
		{9FD810F3-6111-4B7C-8B77-50F1AD211AAE}.Debug|Any CPU.ActiveCfg = Debug|Any CPU
		{9FD810F3-6111-4B7C-8B77-50F1AD211AAE}.Debug|Any CPU.Build.0 = Debug|Any CPU
		{9FD810F3-6111-4B7C-8B77-50F1AD211AAE}.Release|Any CPU.ActiveCfg = Release|Any CPU
		{9FD810F3-6111-4B7C-8B77-50F1AD211AAE}.Release|Any CPU.Build.0 = Release|Any CPU
		{29FA3C8B-9EB8-448C-A4BE-986D30FD1D41}.Debug|Any CPU.ActiveCfg = Debug|Any CPU
		{29FA3C8B-9EB8-448C-A4BE-986D30FD1D41}.Debug|Any CPU.Build.0 = Debug|Any CPU
		{29FA3C8B-9EB8-448C-A4BE-986D30FD1D41}.Release|Any CPU.ActiveCfg = Release|Any CPU
		{29FA3C8B-9EB8-448C-A4BE-986D30FD1D41}.Release|Any CPU.Build.0 = Release|Any CPU
		{EA370778-11E5-4A5B-A1BD-805B942C7466}.Debug|Any CPU.ActiveCfg = Debug|Any CPU
		{EA370778-11E5-4A5B-A1BD-805B942C7466}.Debug|Any CPU.Build.0 = Debug|Any CPU
		{EA370778-11E5-4A5B-A1BD-805B942C7466}.Release|Any CPU.ActiveCfg = Release|Any CPU
		{EA370778-11E5-4A5B-A1BD-805B942C7466}.Release|Any CPU.Build.0 = Release|Any CPU
		{A62D9F38-3D25-46FF-A201-ADCE89003B2C}.Debug|Any CPU.ActiveCfg = Debug|Any CPU
		{A62D9F38-3D25-46FF-A201-ADCE89003B2C}.Debug|Any CPU.Build.0 = Debug|Any CPU
		{A62D9F38-3D25-46FF-A201-ADCE89003B2C}.Release|Any CPU.ActiveCfg = Release|Any CPU
		{A62D9F38-3D25-46FF-A201-ADCE89003B2C}.Release|Any CPU.Build.0 = Release|Any CPU
		{7318A07B-27D1-4B76-B331-1E30F9BFD4F2}.Debug|Any CPU.ActiveCfg = Debug|Any CPU
		{7318A07B-27D1-4B76-B331-1E30F9BFD4F2}.Debug|Any CPU.Build.0 = Debug|Any CPU
		{7318A07B-27D1-4B76-B331-1E30F9BFD4F2}.Release|Any CPU.ActiveCfg = Release|Any CPU
		{7318A07B-27D1-4B76-B331-1E30F9BFD4F2}.Release|Any CPU.Build.0 = Release|Any CPU
		{84F7B7CA-E7F5-49CF-B126-1AE892C8297B}.Debug|Any CPU.ActiveCfg = Debug|Any CPU
		{84F7B7CA-E7F5-49CF-B126-1AE892C8297B}.Debug|Any CPU.Build.0 = Debug|Any CPU
		{84F7B7CA-E7F5-49CF-B126-1AE892C8297B}.Release|Any CPU.ActiveCfg = Release|Any CPU
		{84F7B7CA-E7F5-49CF-B126-1AE892C8297B}.Release|Any CPU.Build.0 = Release|Any CPU
		{FB0E8398-7D7A-4F2C-8493-9527D2580F95}.Debug|Any CPU.ActiveCfg = Debug|Any CPU
		{FB0E8398-7D7A-4F2C-8493-9527D2580F95}.Debug|Any CPU.Build.0 = Debug|Any CPU
		{FB0E8398-7D7A-4F2C-8493-9527D2580F95}.Release|Any CPU.ActiveCfg = Release|Any CPU
		{FB0E8398-7D7A-4F2C-8493-9527D2580F95}.Release|Any CPU.Build.0 = Release|Any CPU
		{6E83BC05-6F01-41A4-A899-08E05D739004}.Debug|Any CPU.ActiveCfg = Debug|Any CPU
		{6E83BC05-6F01-41A4-A899-08E05D739004}.Debug|Any CPU.Build.0 = Debug|Any CPU
		{6E83BC05-6F01-41A4-A899-08E05D739004}.Release|Any CPU.ActiveCfg = Release|Any CPU
		{6E83BC05-6F01-41A4-A899-08E05D739004}.Release|Any CPU.Build.0 = Release|Any CPU
		{AEE24A43-A875-4EBC-8E07-5D5E413D04D0}.Debug|Any CPU.ActiveCfg = Debug|Any CPU
		{AEE24A43-A875-4EBC-8E07-5D5E413D04D0}.Debug|Any CPU.Build.0 = Debug|Any CPU
		{AEE24A43-A875-4EBC-8E07-5D5E413D04D0}.Release|Any CPU.ActiveCfg = Release|Any CPU
		{AEE24A43-A875-4EBC-8E07-5D5E413D04D0}.Release|Any CPU.Build.0 = Release|Any CPU
		{12006B59-E31C-4A80-8D63-7D345264BB44}.Debug|Any CPU.ActiveCfg = Debug|Any CPU
		{12006B59-E31C-4A80-8D63-7D345264BB44}.Debug|Any CPU.Build.0 = Debug|Any CPU
		{12006B59-E31C-4A80-8D63-7D345264BB44}.Release|Any CPU.ActiveCfg = Release|Any CPU
		{12006B59-E31C-4A80-8D63-7D345264BB44}.Release|Any CPU.Build.0 = Release|Any CPU
		{C12A5D32-4628-41F8-BAE6-3C4696D3AC19}.Debug|Any CPU.ActiveCfg = Debug|Any CPU
		{C12A5D32-4628-41F8-BAE6-3C4696D3AC19}.Debug|Any CPU.Build.0 = Debug|Any CPU
		{C12A5D32-4628-41F8-BAE6-3C4696D3AC19}.Release|Any CPU.ActiveCfg = Release|Any CPU
		{C12A5D32-4628-41F8-BAE6-3C4696D3AC19}.Release|Any CPU.Build.0 = Release|Any CPU
		{E6C88B75-42AD-4157-B837-31C83F707BED}.Debug|Any CPU.ActiveCfg = Debug|Any CPU
		{E6C88B75-42AD-4157-B837-31C83F707BED}.Debug|Any CPU.Build.0 = Debug|Any CPU
		{E6C88B75-42AD-4157-B837-31C83F707BED}.Release|Any CPU.ActiveCfg = Release|Any CPU
		{E6C88B75-42AD-4157-B837-31C83F707BED}.Release|Any CPU.Build.0 = Release|Any CPU
		{F498F65F-FA27-4882-81B1-2AD137F362DB}.Debug|Any CPU.ActiveCfg = Debug|Any CPU
		{F498F65F-FA27-4882-81B1-2AD137F362DB}.Debug|Any CPU.Build.0 = Debug|Any CPU
		{F498F65F-FA27-4882-81B1-2AD137F362DB}.Release|Any CPU.ActiveCfg = Release|Any CPU
		{F498F65F-FA27-4882-81B1-2AD137F362DB}.Release|Any CPU.Build.0 = Release|Any CPU
		{9A4A6252-0AC9-4846-B3F5-1348F4E9D699}.Debug|Any CPU.ActiveCfg = Debug|Any CPU
		{9A4A6252-0AC9-4846-B3F5-1348F4E9D699}.Debug|Any CPU.Build.0 = Debug|Any CPU
		{9A4A6252-0AC9-4846-B3F5-1348F4E9D699}.Release|Any CPU.ActiveCfg = Release|Any CPU
		{9A4A6252-0AC9-4846-B3F5-1348F4E9D699}.Release|Any CPU.Build.0 = Release|Any CPU
		{2AB554E0-C148-49D1-BB1F-905639AD629B}.Debug|Any CPU.ActiveCfg = Debug|Any CPU
		{2AB554E0-C148-49D1-BB1F-905639AD629B}.Debug|Any CPU.Build.0 = Debug|Any CPU
		{2AB554E0-C148-49D1-BB1F-905639AD629B}.Release|Any CPU.ActiveCfg = Release|Any CPU
		{2AB554E0-C148-49D1-BB1F-905639AD629B}.Release|Any CPU.Build.0 = Release|Any CPU
		{7BACF263-A645-4F5F-866A-E6DF83C7A200}.Debug|Any CPU.ActiveCfg = Debug|Any CPU
		{7BACF263-A645-4F5F-866A-E6DF83C7A200}.Debug|Any CPU.Build.0 = Debug|Any CPU
		{7BACF263-A645-4F5F-866A-E6DF83C7A200}.Release|Any CPU.ActiveCfg = Release|Any CPU
		{7BACF263-A645-4F5F-866A-E6DF83C7A200}.Release|Any CPU.Build.0 = Release|Any CPU
		{C5761FF6-778A-4DCD-97EB-608CC95C51A8}.Debug|Any CPU.ActiveCfg = Debug|Any CPU
		{C5761FF6-778A-4DCD-97EB-608CC95C51A8}.Debug|Any CPU.Build.0 = Debug|Any CPU
		{C5761FF6-778A-4DCD-97EB-608CC95C51A8}.Release|Any CPU.ActiveCfg = Release|Any CPU
		{C5761FF6-778A-4DCD-97EB-608CC95C51A8}.Release|Any CPU.Build.0 = Release|Any CPU
		{8AC57A54-3118-404B-AEC9-7350EE19C8F2}.Debug|Any CPU.ActiveCfg = Debug|Any CPU
		{8AC57A54-3118-404B-AEC9-7350EE19C8F2}.Debug|Any CPU.Build.0 = Debug|Any CPU
		{8AC57A54-3118-404B-AEC9-7350EE19C8F2}.Release|Any CPU.ActiveCfg = Release|Any CPU
		{8AC57A54-3118-404B-AEC9-7350EE19C8F2}.Release|Any CPU.Build.0 = Release|Any CPU
		{F8BF3EC1-222F-48F7-ADE3-114F66B9F639}.Debug|Any CPU.ActiveCfg = Debug|Any CPU
		{F8BF3EC1-222F-48F7-ADE3-114F66B9F639}.Debug|Any CPU.Build.0 = Debug|Any CPU
		{F8BF3EC1-222F-48F7-ADE3-114F66B9F639}.Release|Any CPU.ActiveCfg = Release|Any CPU
		{F8BF3EC1-222F-48F7-ADE3-114F66B9F639}.Release|Any CPU.Build.0 = Release|Any CPU
		{246AB984-0BED-4B85-8309-6106CB4528E4}.Debug|Any CPU.ActiveCfg = Debug|Any CPU
		{246AB984-0BED-4B85-8309-6106CB4528E4}.Debug|Any CPU.Build.0 = Debug|Any CPU
		{246AB984-0BED-4B85-8309-6106CB4528E4}.Release|Any CPU.ActiveCfg = Release|Any CPU
		{246AB984-0BED-4B85-8309-6106CB4528E4}.Release|Any CPU.Build.0 = Release|Any CPU
		{5CF724E3-AABE-462D-BA14-DA0E01946EBF}.Debug|Any CPU.ActiveCfg = Debug|Any CPU
		{5CF724E3-AABE-462D-BA14-DA0E01946EBF}.Debug|Any CPU.Build.0 = Debug|Any CPU
		{5CF724E3-AABE-462D-BA14-DA0E01946EBF}.Release|Any CPU.ActiveCfg = Release|Any CPU
		{5CF724E3-AABE-462D-BA14-DA0E01946EBF}.Release|Any CPU.Build.0 = Release|Any CPU
		{D83814D5-738B-4E24-BDDB-D2CE4FC9F7FC}.Debug|Any CPU.ActiveCfg = Debug|Any CPU
		{D83814D5-738B-4E24-BDDB-D2CE4FC9F7FC}.Debug|Any CPU.Build.0 = Debug|Any CPU
		{D83814D5-738B-4E24-BDDB-D2CE4FC9F7FC}.Release|Any CPU.ActiveCfg = Release|Any CPU
		{D83814D5-738B-4E24-BDDB-D2CE4FC9F7FC}.Release|Any CPU.Build.0 = Release|Any CPU
		{BF3DE07F-0515-4095-8AD5-63251DA8C131}.Debug|Any CPU.ActiveCfg = Debug|Any CPU
		{BF3DE07F-0515-4095-8AD5-63251DA8C131}.Debug|Any CPU.Build.0 = Debug|Any CPU
		{BF3DE07F-0515-4095-8AD5-63251DA8C131}.Release|Any CPU.ActiveCfg = Release|Any CPU
		{BF3DE07F-0515-4095-8AD5-63251DA8C131}.Release|Any CPU.Build.0 = Release|Any CPU
		{D29EB3AF-C038-4F9E-ADA3-CDFF0D82B264}.Debug|Any CPU.ActiveCfg = Debug|Any CPU
		{D29EB3AF-C038-4F9E-ADA3-CDFF0D82B264}.Debug|Any CPU.Build.0 = Debug|Any CPU
		{D29EB3AF-C038-4F9E-ADA3-CDFF0D82B264}.Release|Any CPU.ActiveCfg = Release|Any CPU
		{D29EB3AF-C038-4F9E-ADA3-CDFF0D82B264}.Release|Any CPU.Build.0 = Release|Any CPU
	EndGlobalSection
	GlobalSection(SolutionProperties) = preSolution
		HideSolutionNode = FALSE
	EndGlobalSection
	GlobalSection(NestedProjects) = preSolution
		{ED61EF61-2518-4358-9274-AF90546F16DC} = {614BAE00-84EB-47BC-8C41-71B6E2131A8C}
		{3B404ABE-B1C1-4EB1-A581-63703EEFA401} = {614BAE00-84EB-47BC-8C41-71B6E2131A8C}
		{52314A04-A84B-4053-A6DE-837C39AAA4A2} = {614BAE00-84EB-47BC-8C41-71B6E2131A8C}
		{224C681D-ACDD-48F7-9929-4B111EF0D1B9} = {614BAE00-84EB-47BC-8C41-71B6E2131A8C}
		{779B2028-C640-4905-A36D-A83A043ACA82} = {614BAE00-84EB-47BC-8C41-71B6E2131A8C}
		{6C6BB1DA-951A-441B-82A8-0459FBCFA693} = {614BAE00-84EB-47BC-8C41-71B6E2131A8C}
		{C6A5C699-6257-4CDE-9C12-70502FDC05E5} = {614BAE00-84EB-47BC-8C41-71B6E2131A8C}
		{BD24CAA3-9A99-4922-B73F-2A1F55486AFF} = {614BAE00-84EB-47BC-8C41-71B6E2131A8C}
		{D483641F-1FC6-47B3-A957-AC7771E1114D} = {614BAE00-84EB-47BC-8C41-71B6E2131A8C}
		{5A6D04FF-61B6-4466-AC97-072ED4CEBA4C} = {614BAE00-84EB-47BC-8C41-71B6E2131A8C}
		{5A1F3DDC-9D77-418A-83F2-DC422391FEB4} = {614BAE00-84EB-47BC-8C41-71B6E2131A8C}
		{1E76C25D-E3DE-46A6-85F2-AD0D99FDD13C} = {614BAE00-84EB-47BC-8C41-71B6E2131A8C}
		{26A8998B-29FB-4676-A5E2-42C60E15D61E} = {614BAE00-84EB-47BC-8C41-71B6E2131A8C}
		{A07FA86F-9537-4ECB-A888-CDB0AB94DF73} = {5E1B2542-C3EE-4515-8C83-C8E805B50E0F}
		{61B87296-4E42-475A-B832-1E96628F51CE} = {5E1B2542-C3EE-4515-8C83-C8E805B50E0F}
		{367BC8AC-E7A0-4C06-B854-A44A8DC42A22} = {5E1B2542-C3EE-4515-8C83-C8E805B50E0F}
		{3EF38A24-1A6B-42C5-ABE9-DD51787EF4DE} = {5E1B2542-C3EE-4515-8C83-C8E805B50E0F}
		{CB165890-E2CD-4666-9B45-7546D66D074F} = {5E1B2542-C3EE-4515-8C83-C8E805B50E0F}
		{A3D5874C-1636-4FA8-9390-1CDA5FBBF2E6} = {5E1B2542-C3EE-4515-8C83-C8E805B50E0F}
		{3E01A977-D749-4ABA-B529-2C77A76DAB2F} = {614BAE00-84EB-47BC-8C41-71B6E2131A8C}
		{E384D85C-CA05-4B8C-8B51-CF95D9AFC9AC} = {5E1B2542-C3EE-4515-8C83-C8E805B50E0F}
		{6272F78E-1A30-4874-9FE1-FD967C1151F7} = {5E1B2542-C3EE-4515-8C83-C8E805B50E0F}
		{3D886E3B-FA39-4007-A253-8C8B57C39AE6} = {5E1B2542-C3EE-4515-8C83-C8E805B50E0F}
		{9FD810F3-6111-4B7C-8B77-50F1AD211AAE} = {5E1B2542-C3EE-4515-8C83-C8E805B50E0F}
		{29FA3C8B-9EB8-448C-A4BE-986D30FD1D41} = {5E1B2542-C3EE-4515-8C83-C8E805B50E0F}
		{EA370778-11E5-4A5B-A1BD-805B942C7466} = {5E1B2542-C3EE-4515-8C83-C8E805B50E0F}
		{A62D9F38-3D25-46FF-A201-ADCE89003B2C} = {5E1B2542-C3EE-4515-8C83-C8E805B50E0F}
		{7318A07B-27D1-4B76-B331-1E30F9BFD4F2} = {5E1B2542-C3EE-4515-8C83-C8E805B50E0F}
		{84F7B7CA-E7F5-49CF-B126-1AE892C8297B} = {5E1B2542-C3EE-4515-8C83-C8E805B50E0F}
		{FB0E8398-7D7A-4F2C-8493-9527D2580F95} = {5E1B2542-C3EE-4515-8C83-C8E805B50E0F}
		{6E83BC05-6F01-41A4-A899-08E05D739004} = {5E1B2542-C3EE-4515-8C83-C8E805B50E0F}
		{AEE24A43-A875-4EBC-8E07-5D5E413D04D0} = {064E17AF-269F-40AB-AE75-A5081B45DD95}
		{12006B59-E31C-4A80-8D63-7D345264BB44} = {064E17AF-269F-40AB-AE75-A5081B45DD95}
		{C12A5D32-4628-41F8-BAE6-3C4696D3AC19} = {064E17AF-269F-40AB-AE75-A5081B45DD95}
		{E6C88B75-42AD-4157-B837-31C83F707BED} = {5E1B2542-C3EE-4515-8C83-C8E805B50E0F}
		{F498F65F-FA27-4882-81B1-2AD137F362DB} = {5E1B2542-C3EE-4515-8C83-C8E805B50E0F}
		{9A4A6252-0AC9-4846-B3F5-1348F4E9D699} = {5E1B2542-C3EE-4515-8C83-C8E805B50E0F}
		{2AB554E0-C148-49D1-BB1F-905639AD629B} = {5E1B2542-C3EE-4515-8C83-C8E805B50E0F}
		{7BACF263-A645-4F5F-866A-E6DF83C7A200} = {5E1B2542-C3EE-4515-8C83-C8E805B50E0F}
		{C5761FF6-778A-4DCD-97EB-608CC95C51A8} = {5E1B2542-C3EE-4515-8C83-C8E805B50E0F}
		{8AC57A54-3118-404B-AEC9-7350EE19C8F2} = {5E1B2542-C3EE-4515-8C83-C8E805B50E0F}
		{F8BF3EC1-222F-48F7-ADE3-114F66B9F639} = {5E1B2542-C3EE-4515-8C83-C8E805B50E0F}
		{246AB984-0BED-4B85-8309-6106CB4528E4} = {5E1B2542-C3EE-4515-8C83-C8E805B50E0F}
		{5CF724E3-AABE-462D-BA14-DA0E01946EBF} = {5E1B2542-C3EE-4515-8C83-C8E805B50E0F}
		{D83814D5-738B-4E24-BDDB-D2CE4FC9F7FC} = {5E1B2542-C3EE-4515-8C83-C8E805B50E0F}
		{BF3DE07F-0515-4095-8AD5-63251DA8C131} = {5E1B2542-C3EE-4515-8C83-C8E805B50E0F}
		{D29EB3AF-C038-4F9E-ADA3-CDFF0D82B264} = {5E1B2542-C3EE-4515-8C83-C8E805B50E0F}
	EndGlobalSection
	GlobalSection(ExtensibilityGlobals) = postSolution
		SolutionGuid = {736DB67A-6AD5-4CDA-95B4-4F2E08943699}
	EndGlobalSection
EndGlobal
